// !$*UTF8*$!
{
	archiveVersion = 1;
	classes = {
	};
	objectVersion = 55;
	objects = {

/* Begin PBXBuildFile section */
		630CB57227E8B23F007993AF /* AppDelegate.swift in Sources */ = {isa = PBXBuildFile; fileRef = 630CB57127E8B23F007993AF /* AppDelegate.swift */; };
		630CB57427E8B23F007993AF /* SceneDelegate.swift in Sources */ = {isa = PBXBuildFile; fileRef = 630CB57327E8B23F007993AF /* SceneDelegate.swift */; };
		630CB57627E8B23F007993AF /* ViewController.swift in Sources */ = {isa = PBXBuildFile; fileRef = 630CB57527E8B23F007993AF /* ViewController.swift */; };
		630CB57927E8B23F007993AF /* Main.storyboard in Resources */ = {isa = PBXBuildFile; fileRef = 630CB57727E8B23F007993AF /* Main.storyboard */; };
		630CB57B27E8B240007993AF /* Assets.xcassets in Resources */ = {isa = PBXBuildFile; fileRef = 630CB57A27E8B240007993AF /* Assets.xcassets */; };
		630CB57E27E8B240007993AF /* LaunchScreen.storyboard in Resources */ = {isa = PBXBuildFile; fileRef = 630CB57C27E8B240007993AF /* LaunchScreen.storyboard */; };
		630CB58B27E8BABA007993AF /* OnboardingViewController.swift in Sources */ = {isa = PBXBuildFile; fileRef = 630CB58A27E8BABA007993AF /* OnboardingViewController.swift */; };
		630CB58E27E8D50D007993AF /* UiView+Extension.swift in Sources */ = {isa = PBXBuildFile; fileRef = 630CB58D27E8D50D007993AF /* UiView+Extension.swift */; };
		630CB59027E8D6BC007993AF /* OnboardingSlide.swift in Sources */ = {isa = PBXBuildFile; fileRef = 630CB58F27E8D6BC007993AF /* OnboardingSlide.swift */; };
		630CB59227E8E3E9007993AF /* OnboardingCollectionViewCell.swift in Sources */ = {isa = PBXBuildFile; fileRef = 630CB59127E8E3E9007993AF /* OnboardingCollectionViewCell.swift */; };
		6322E2A42804907300089971 /* Savings.swift in Sources */ = {isa = PBXBuildFile; fileRef = 6322E2A32804907300089971 /* Savings.swift */; };
		6322E2A62804909700089971 /* Loan.swift in Sources */ = {isa = PBXBuildFile; fileRef = 6322E2A52804909700089971 /* Loan.swift */; };
		6322E2A8280490B200089971 /* Mortgage.swift in Sources */ = {isa = PBXBuildFile; fileRef = 6322E2A7280490B200089971 /* Mortgage.swift */; };
		6332DE8E27E98F6C000DECB6 /* HomeViewController.swift in Sources */ = {isa = PBXBuildFile; fileRef = 6332DE8D27E98F6C000DECB6 /* HomeViewController.swift */; };
		633A917C27F1F44900357D6D /* SavingsViewController.swift in Sources */ = {isa = PBXBuildFile; fileRef = 633A917B27F1F44900357D6D /* SavingsViewController.swift */; };
		633A917E27F1F47100357D6D /* ComInterestViewController.swift in Sources */ = {isa = PBXBuildFile; fileRef = 633A917D27F1F47100357D6D /* ComInterestViewController.swift */; };
		633A918027F1F48700357D6D /* LoansViewController.swift in Sources */ = {isa = PBXBuildFile; fileRef = 633A917F27F1F48700357D6D /* LoansViewController.swift */; };
		633A918227F2207000357D6D /* MainTabBarViewController.swift in Sources */ = {isa = PBXBuildFile; fileRef = 633A918127F2207000357D6D /* MainTabBarViewController.swift */; };
		6369393E27EED3590050234C /* HelperViewController.swift in Sources */ = {isa = PBXBuildFile; fileRef = 6369393D27EED3590050234C /* HelperViewController.swift */; };
		6375ECF228053F1F00A04E33 /* UIViewController+Extension.swift in Sources */ = {isa = PBXBuildFile; fileRef = 6375ECF128053F1F00A04E33 /* UIViewController+Extension.swift */; };
		6375ECF42805410D00A04E33 /* UserDefaults+Extension.swift in Sources */ = {isa = PBXBuildFile; fileRef = 6375ECF32805410D00A04E33 /* UserDefaults+Extension.swift */; };
		63CD188827F88EF900B35AD5 /* Keyboard.xib in Resources */ = {isa = PBXBuildFile; fileRef = 63CD188727F88EF900B35AD5 /* Keyboard.xib */; };
		63CD188C27F8903C00B35AD5 /* Keyboard.swift in Sources */ = {isa = PBXBuildFile; fileRef = 63CD188B27F8903C00B35AD5 /* Keyboard.swift */; };
		63F24E11280345030051A108 /* CompoundSavings.swift in Sources */ = {isa = PBXBuildFile; fileRef = 63F24E10280345030051A108 /* CompoundSavings.swift */; };
		63F24E1328034A0A0051A108 /* Double.swift in Sources */ = {isa = PBXBuildFile; fileRef = 63F24E1228034A0A0051A108 /* Double.swift */; };
		63F24E1528040EDB0051A108 /* TextFieldsWithPrefix.swift in Sources */ = {isa = PBXBuildFile; fileRef = 63F24E1428040EDB0051A108 /* TextFieldsWithPrefix.swift */; };
		63F24E1728041A920051A108 /* CalculationHelper.swift in Sources */ = {isa = PBXBuildFile; fileRef = 63F24E1628041A920051A108 /* CalculationHelper.swift */; };
		63F24E192804258D0051A108 /* MortgageViewController.swift in Sources */ = {isa = PBXBuildFile; fileRef = 63F24E182804258D0051A108 /* MortgageViewController.swift */; };
/* End PBXBuildFile section */

/* Begin PBXCopyFilesBuildPhase section */
		63B2192E27F832660058FA37 /* Embed App Extensions */ = {
			isa = PBXCopyFilesBuildPhase;
			buildActionMask = 2147483647;
			dstPath = "";
			dstSubfolderSpec = 13;
			files = (
			);
			name = "Embed App Extensions";
			runOnlyForDeploymentPostprocessing = 0;
		};
/* End PBXCopyFilesBuildPhase section */

/* Begin PBXFileReference section */
		630CB56E27E8B23F007993AF /* FinanceApp.app */ = {isa = PBXFileReference; explicitFileType = wrapper.application; includeInIndex = 0; path = FinanceApp.app; sourceTree = BUILT_PRODUCTS_DIR; };
		630CB57127E8B23F007993AF /* AppDelegate.swift */ = {isa = PBXFileReference; lastKnownFileType = sourcecode.swift; path = AppDelegate.swift; sourceTree = "<group>"; };
		630CB57327E8B23F007993AF /* SceneDelegate.swift */ = {isa = PBXFileReference; lastKnownFileType = sourcecode.swift; path = SceneDelegate.swift; sourceTree = "<group>"; };
		630CB57527E8B23F007993AF /* ViewController.swift */ = {isa = PBXFileReference; lastKnownFileType = sourcecode.swift; path = ViewController.swift; sourceTree = "<group>"; };
		630CB57827E8B23F007993AF /* Base */ = {isa = PBXFileReference; lastKnownFileType = file.storyboard; name = Base; path = Base.lproj/Main.storyboard; sourceTree = "<group>"; };
		630CB57A27E8B240007993AF /* Assets.xcassets */ = {isa = PBXFileReference; lastKnownFileType = folder.assetcatalog; path = Assets.xcassets; sourceTree = "<group>"; };
		630CB57D27E8B240007993AF /* Base */ = {isa = PBXFileReference; lastKnownFileType = file.storyboard; name = Base; path = Base.lproj/LaunchScreen.storyboard; sourceTree = "<group>"; };
		630CB57F27E8B240007993AF /* Info.plist */ = {isa = PBXFileReference; lastKnownFileType = text.plist.xml; path = Info.plist; sourceTree = "<group>"; };
		630CB58A27E8BABA007993AF /* OnboardingViewController.swift */ = {isa = PBXFileReference; lastKnownFileType = sourcecode.swift; path = OnboardingViewController.swift; sourceTree = "<group>"; };
		630CB58D27E8D50D007993AF /* UiView+Extension.swift */ = {isa = PBXFileReference; lastKnownFileType = sourcecode.swift; path = "UiView+Extension.swift"; sourceTree = "<group>"; };
		630CB58F27E8D6BC007993AF /* OnboardingSlide.swift */ = {isa = PBXFileReference; lastKnownFileType = sourcecode.swift; path = OnboardingSlide.swift; sourceTree = "<group>"; };
		630CB59127E8E3E9007993AF /* OnboardingCollectionViewCell.swift */ = {isa = PBXFileReference; lastKnownFileType = sourcecode.swift; path = OnboardingCollectionViewCell.swift; sourceTree = "<group>"; };
		6322E2A32804907300089971 /* Savings.swift */ = {isa = PBXFileReference; lastKnownFileType = sourcecode.swift; path = Savings.swift; sourceTree = "<group>"; };
		6322E2A52804909700089971 /* Loan.swift */ = {isa = PBXFileReference; lastKnownFileType = sourcecode.swift; path = Loan.swift; sourceTree = "<group>"; };
		6322E2A7280490B200089971 /* Mortgage.swift */ = {isa = PBXFileReference; lastKnownFileType = sourcecode.swift; path = Mortgage.swift; sourceTree = "<group>"; };
		6332DE8D27E98F6C000DECB6 /* HomeViewController.swift */ = {isa = PBXFileReference; lastKnownFileType = sourcecode.swift; path = HomeViewController.swift; sourceTree = "<group>"; };
		633A917B27F1F44900357D6D /* SavingsViewController.swift */ = {isa = PBXFileReference; lastKnownFileType = sourcecode.swift; path = SavingsViewController.swift; sourceTree = "<group>"; };
		633A917D27F1F47100357D6D /* ComInterestViewController.swift */ = {isa = PBXFileReference; lastKnownFileType = sourcecode.swift; path = ComInterestViewController.swift; sourceTree = "<group>"; };
		633A917F27F1F48700357D6D /* LoansViewController.swift */ = {isa = PBXFileReference; lastKnownFileType = sourcecode.swift; path = LoansViewController.swift; sourceTree = "<group>"; };
		633A918127F2207000357D6D /* MainTabBarViewController.swift */ = {isa = PBXFileReference; lastKnownFileType = sourcecode.swift; path = MainTabBarViewController.swift; sourceTree = "<group>"; };
		6369393D27EED3590050234C /* HelperViewController.swift */ = {isa = PBXFileReference; lastKnownFileType = sourcecode.swift; path = HelperViewController.swift; sourceTree = "<group>"; };
		6375ECF128053F1F00A04E33 /* UIViewController+Extension.swift */ = {isa = PBXFileReference; lastKnownFileType = sourcecode.swift; path = "UIViewController+Extension.swift"; sourceTree = "<group>"; };
		6375ECF32805410D00A04E33 /* UserDefaults+Extension.swift */ = {isa = PBXFileReference; lastKnownFileType = sourcecode.swift; path = "UserDefaults+Extension.swift"; sourceTree = "<group>"; };
		63CD188727F88EF900B35AD5 /* Keyboard.xib */ = {isa = PBXFileReference; lastKnownFileType = file.xib; path = Keyboard.xib; sourceTree = "<group>"; };
		63CD188B27F8903C00B35AD5 /* Keyboard.swift */ = {isa = PBXFileReference; lastKnownFileType = sourcecode.swift; path = Keyboard.swift; sourceTree = "<group>"; };
		63F24E10280345030051A108 /* CompoundSavings.swift */ = {isa = PBXFileReference; lastKnownFileType = sourcecode.swift; path = CompoundSavings.swift; sourceTree = "<group>"; };
		63F24E1228034A0A0051A108 /* Double.swift */ = {isa = PBXFileReference; lastKnownFileType = sourcecode.swift; path = Double.swift; sourceTree = "<group>"; };
		63F24E1428040EDB0051A108 /* TextFieldsWithPrefix.swift */ = {isa = PBXFileReference; lastKnownFileType = sourcecode.swift; path = TextFieldsWithPrefix.swift; sourceTree = "<group>"; };
		63F24E1628041A920051A108 /* CalculationHelper.swift */ = {isa = PBXFileReference; lastKnownFileType = sourcecode.swift; path = CalculationHelper.swift; sourceTree = "<group>"; };
		63F24E182804258D0051A108 /* MortgageViewController.swift */ = {isa = PBXFileReference; lastKnownFileType = sourcecode.swift; path = MortgageViewController.swift; sourceTree = "<group>"; };
/* End PBXFileReference section */

/* Begin PBXFrameworksBuildPhase section */
		630CB56B27E8B23F007993AF /* Frameworks */ = {
			isa = PBXFrameworksBuildPhase;
			buildActionMask = 2147483647;
			files = (
			);
			runOnlyForDeploymentPostprocessing = 0;
		};
/* End PBXFrameworksBuildPhase section */

/* Begin PBXGroup section */
		630CB56527E8B23F007993AF = {
			isa = PBXGroup;
			children = (
				630CB57027E8B23F007993AF /* FinanceApp */,
				630CB56F27E8B23F007993AF /* Products */,
			);
			sourceTree = "<group>";
		};
		630CB56F27E8B23F007993AF /* Products */ = {
			isa = PBXGroup;
			children = (
				630CB56E27E8B23F007993AF /* FinanceApp.app */,
			);
			name = Products;
			sourceTree = "<group>";
		};
		630CB57027E8B23F007993AF /* FinanceApp */ = {
			isa = PBXGroup;
			children = (
				63CD188627F88ED700B35AD5 /* FinanceKeyboard */,
				630CB58C27E8D4A8007993AF /* Extensions */,
				630CB58827E8B99F007993AF /* Models */,
				630CB58727E8B983007993AF /* Controllers */,
				630CB58527E8B369007993AF /* Views */,
				630CB58627E8B94C007993AF /* Resources */,
				630CB57F27E8B240007993AF /* Info.plist */,
			);
			path = FinanceApp;
			sourceTree = "<group>";
		};
		630CB58527E8B369007993AF /* Views */ = {
			isa = PBXGroup;
			children = (
				630CB57C27E8B240007993AF /* LaunchScreen.storyboard */,
				630CB57727E8B23F007993AF /* Main.storyboard */,
			);
			path = Views;
			sourceTree = "<group>";
		};
		630CB58627E8B94C007993AF /* Resources */ = {
			isa = PBXGroup;
			children = (
				630CB57A27E8B240007993AF /* Assets.xcassets */,
			);
			path = Resources;
			sourceTree = "<group>";
		};
		630CB58727E8B983007993AF /* Controllers */ = {
			isa = PBXGroup;
			children = (
				633A917A27F1F42600357D6D /* TabView */,
				6369393C27EED3390050234C /* HelperAlert */,
				6332DE8C27E98F3F000DECB6 /* Home */,
				630CB58927E8B9DE007993AF /* Onboarding */,
				630CB57127E8B23F007993AF /* AppDelegate.swift */,
				630CB57327E8B23F007993AF /* SceneDelegate.swift */,
				630CB57527E8B23F007993AF /* ViewController.swift */,
			);
			path = Controllers;
			sourceTree = "<group>";
		};
		630CB58827E8B99F007993AF /* Models */ = {
			isa = PBXGroup;
			children = (
				630CB58F27E8D6BC007993AF /* OnboardingSlide.swift */,
				63F24E10280345030051A108 /* CompoundSavings.swift */,
				6322E2A32804907300089971 /* Savings.swift */,
				6322E2A52804909700089971 /* Loan.swift */,
				6322E2A7280490B200089971 /* Mortgage.swift */,
			);
			path = Models;
			sourceTree = "<group>";
		};
		630CB58927E8B9DE007993AF /* Onboarding */ = {
			isa = PBXGroup;
			children = (
				630CB58A27E8BABA007993AF /* OnboardingViewController.swift */,
				630CB59127E8E3E9007993AF /* OnboardingCollectionViewCell.swift */,
			);
			path = Onboarding;
			sourceTree = "<group>";
		};
		630CB58C27E8D4A8007993AF /* Extensions */ = {
			isa = PBXGroup;
			children = (
				630CB58D27E8D50D007993AF /* UiView+Extension.swift */,
				63F24E1228034A0A0051A108 /* Double.swift */,
				63F24E1428040EDB0051A108 /* TextFieldsWithPrefix.swift */,
				63F24E1628041A920051A108 /* CalculationHelper.swift */,
				6375ECF128053F1F00A04E33 /* UIViewController+Extension.swift */,
				6375ECF32805410D00A04E33 /* UserDefaults+Extension.swift */,
			);
			path = Extensions;
			sourceTree = "<group>";
		};
		6332DE8C27E98F3F000DECB6 /* Home */ = {
			isa = PBXGroup;
			children = (
				6332DE8D27E98F6C000DECB6 /* HomeViewController.swift */,
			);
			path = Home;
			sourceTree = "<group>";
		};
		633A917A27F1F42600357D6D /* TabView */ = {
			isa = PBXGroup;
			children = (
				633A917B27F1F44900357D6D /* SavingsViewController.swift */,
				633A917D27F1F47100357D6D /* ComInterestViewController.swift */,
				633A917F27F1F48700357D6D /* LoansViewController.swift */,
				633A918127F2207000357D6D /* MainTabBarViewController.swift */,
				63F24E182804258D0051A108 /* MortgageViewController.swift */,
			);
			path = TabView;
			sourceTree = "<group>";
		};
		6369393C27EED3390050234C /* HelperAlert */ = {
			isa = PBXGroup;
			children = (
				6369393D27EED3590050234C /* HelperViewController.swift */,
			);
			path = HelperAlert;
			sourceTree = "<group>";
		};
		63CD188627F88ED700B35AD5 /* FinanceKeyboard */ = {
			isa = PBXGroup;
			children = (
				63CD188727F88EF900B35AD5 /* Keyboard.xib */,
				63CD188B27F8903C00B35AD5 /* Keyboard.swift */,
			);
			path = FinanceKeyboard;
			sourceTree = "<group>";
		};
/* End PBXGroup section */

/* Begin PBXNativeTarget section */
		630CB56D27E8B23F007993AF /* FinanceApp */ = {
			isa = PBXNativeTarget;
			buildConfigurationList = 630CB58227E8B240007993AF /* Build configuration list for PBXNativeTarget "FinanceApp" */;
			buildPhases = (
				630CB56A27E8B23F007993AF /* Sources */,
				630CB56B27E8B23F007993AF /* Frameworks */,
				630CB56C27E8B23F007993AF /* Resources */,
				63B2192E27F832660058FA37 /* Embed App Extensions */,
			);
			buildRules = (
			);
			dependencies = (
			);
			name = FinanceApp;
			productName = FinanceApp;
			productReference = 630CB56E27E8B23F007993AF /* FinanceApp.app */;
			productType = "com.apple.product-type.application";
		};
/* End PBXNativeTarget section */

/* Begin PBXProject section */
		630CB56627E8B23F007993AF /* Project object */ = {
			isa = PBXProject;
			attributes = {
				BuildIndependentTargetsInParallel = 1;
				LastSwiftUpdateCheck = 1330;
				LastUpgradeCheck = 1330;
				TargetAttributes = {
					630CB56D27E8B23F007993AF = {
						CreatedOnToolsVersion = 13.3;
					};
				};
			};
			buildConfigurationList = 630CB56927E8B23F007993AF /* Build configuration list for PBXProject "FinanceApp" */;
			compatibilityVersion = "Xcode 13.0";
			developmentRegion = en;
			hasScannedForEncodings = 0;
			knownRegions = (
				en,
				Base,
			);
			mainGroup = 630CB56527E8B23F007993AF;
			productRefGroup = 630CB56F27E8B23F007993AF /* Products */;
			projectDirPath = "";
			projectRoot = "";
			targets = (
				630CB56D27E8B23F007993AF /* FinanceApp */,
			);
		};
/* End PBXProject section */

/* Begin PBXResourcesBuildPhase section */
		630CB56C27E8B23F007993AF /* Resources */ = {
			isa = PBXResourcesBuildPhase;
			buildActionMask = 2147483647;
			files = (
				630CB57E27E8B240007993AF /* LaunchScreen.storyboard in Resources */,
				630CB57B27E8B240007993AF /* Assets.xcassets in Resources */,
				63CD188827F88EF900B35AD5 /* Keyboard.xib in Resources */,
				630CB57927E8B23F007993AF /* Main.storyboard in Resources */,
			);
			runOnlyForDeploymentPostprocessing = 0;
		};
/* End PBXResourcesBuildPhase section */

/* Begin PBXSourcesBuildPhase section */
		630CB56A27E8B23F007993AF /* Sources */ = {
			isa = PBXSourcesBuildPhase;
			buildActionMask = 2147483647;
			files = (
				63F24E1328034A0A0051A108 /* Double.swift in Sources */,
				63F24E11280345030051A108 /* CompoundSavings.swift in Sources */,
				630CB57627E8B23F007993AF /* ViewController.swift in Sources */,
				6322E2A42804907300089971 /* Savings.swift in Sources */,
				630CB57227E8B23F007993AF /* AppDelegate.swift in Sources */,
				63CD188C27F8903C00B35AD5 /* Keyboard.swift in Sources */,
				630CB58E27E8D50D007993AF /* UiView+Extension.swift in Sources */,
				6375ECF228053F1F00A04E33 /* UIViewController+Extension.swift in Sources */,
				63F24E192804258D0051A108 /* MortgageViewController.swift in Sources */,
				6369393E27EED3590050234C /* HelperViewController.swift in Sources */,
				633A918027F1F48700357D6D /* LoansViewController.swift in Sources */,
				6322E2A62804909700089971 /* Loan.swift in Sources */,
				6332DE8E27E98F6C000DECB6 /* HomeViewController.swift in Sources */,
				633A917E27F1F47100357D6D /* ComInterestViewController.swift in Sources */,
				633A918227F2207000357D6D /* MainTabBarViewController.swift in Sources */,
				63F24E1728041A920051A108 /* CalculationHelper.swift in Sources */,
				630CB57427E8B23F007993AF /* SceneDelegate.swift in Sources */,
				633A917C27F1F44900357D6D /* SavingsViewController.swift in Sources */,
				6322E2A8280490B200089971 /* Mortgage.swift in Sources */,
				630CB59027E8D6BC007993AF /* OnboardingSlide.swift in Sources */,
				630CB59227E8E3E9007993AF /* OnboardingCollectionViewCell.swift in Sources */,
				63F24E1528040EDB0051A108 /* TextFieldsWithPrefix.swift in Sources */,
				6375ECF42805410D00A04E33 /* UserDefaults+Extension.swift in Sources */,
				630CB58B27E8BABA007993AF /* OnboardingViewController.swift in Sources */,
			);
			runOnlyForDeploymentPostprocessing = 0;
		};
/* End PBXSourcesBuildPhase section */

/* Begin PBXVariantGroup section */
		630CB57727E8B23F007993AF /* Main.storyboard */ = {
			isa = PBXVariantGroup;
			children = (
				630CB57827E8B23F007993AF /* Base */,
			);
			name = Main.storyboard;
			sourceTree = "<group>";
		};
		630CB57C27E8B240007993AF /* LaunchScreen.storyboard */ = {
			isa = PBXVariantGroup;
			children = (
				630CB57D27E8B240007993AF /* Base */,
			);
			name = LaunchScreen.storyboard;
			sourceTree = "<group>";
		};
/* End PBXVariantGroup section */

/* Begin XCBuildConfiguration section */
		630CB58027E8B240007993AF /* Debug */ = {
			isa = XCBuildConfiguration;
			buildSettings = {
				ALWAYS_SEARCH_USER_PATHS = NO;
				CLANG_ANALYZER_NONNULL = YES;
				CLANG_ANALYZER_NUMBER_OBJECT_CONVERSION = YES_AGGRESSIVE;
				CLANG_CXX_LANGUAGE_STANDARD = "gnu++17";
				CLANG_ENABLE_MODULES = YES;
				CLANG_ENABLE_OBJC_ARC = YES;
				CLANG_ENABLE_OBJC_WEAK = YES;
				CLANG_WARN_BLOCK_CAPTURE_AUTORELEASING = YES;
				CLANG_WARN_BOOL_CONVERSION = YES;
				CLANG_WARN_COMMA = YES;
				CLANG_WARN_CONSTANT_CONVERSION = YES;
				CLANG_WARN_DEPRECATED_OBJC_IMPLEMENTATIONS = YES;
				CLANG_WARN_DIRECT_OBJC_ISA_USAGE = YES_ERROR;
				CLANG_WARN_DOCUMENTATION_COMMENTS = YES;
				CLANG_WARN_EMPTY_BODY = YES;
				CLANG_WARN_ENUM_CONVERSION = YES;
				CLANG_WARN_INFINITE_RECURSION = YES;
				CLANG_WARN_INT_CONVERSION = YES;
				CLANG_WARN_NON_LITERAL_NULL_CONVERSION = YES;
				CLANG_WARN_OBJC_IMPLICIT_RETAIN_SELF = YES;
				CLANG_WARN_OBJC_LITERAL_CONVERSION = YES;
				CLANG_WARN_OBJC_ROOT_CLASS = YES_ERROR;
				CLANG_WARN_QUOTED_INCLUDE_IN_FRAMEWORK_HEADER = YES;
				CLANG_WARN_RANGE_LOOP_ANALYSIS = YES;
				CLANG_WARN_STRICT_PROTOTYPES = YES;
				CLANG_WARN_SUSPICIOUS_MOVE = YES;
				CLANG_WARN_UNGUARDED_AVAILABILITY = YES_AGGRESSIVE;
				CLANG_WARN_UNREACHABLE_CODE = YES;
				CLANG_WARN__DUPLICATE_METHOD_MATCH = YES;
				COPY_PHASE_STRIP = NO;
				DEBUG_INFORMATION_FORMAT = dwarf;
				ENABLE_STRICT_OBJC_MSGSEND = YES;
				ENABLE_TESTABILITY = YES;
				GCC_C_LANGUAGE_STANDARD = gnu11;
				GCC_DYNAMIC_NO_PIC = NO;
				GCC_NO_COMMON_BLOCKS = YES;
				GCC_OPTIMIZATION_LEVEL = 0;
				GCC_PREPROCESSOR_DEFINITIONS = (
					"DEBUG=1",
					"$(inherited)",
				);
				GCC_WARN_64_TO_32_BIT_CONVERSION = YES;
				GCC_WARN_ABOUT_RETURN_TYPE = YES_ERROR;
				GCC_WARN_UNDECLARED_SELECTOR = YES;
				GCC_WARN_UNINITIALIZED_AUTOS = YES_AGGRESSIVE;
				GCC_WARN_UNUSED_FUNCTION = YES;
				GCC_WARN_UNUSED_VARIABLE = YES;
				IPHONEOS_DEPLOYMENT_TARGET = 15.4;
				MTL_ENABLE_DEBUG_INFO = INCLUDE_SOURCE;
				MTL_FAST_MATH = YES;
				ONLY_ACTIVE_ARCH = YES;
				SDKROOT = iphoneos;
				SWIFT_ACTIVE_COMPILATION_CONDITIONS = DEBUG;
				SWIFT_OPTIMIZATION_LEVEL = "-Onone";
			};
			name = Debug;
		};
		630CB58127E8B240007993AF /* Release */ = {
			isa = XCBuildConfiguration;
			buildSettings = {
				ALWAYS_SEARCH_USER_PATHS = NO;
				CLANG_ANALYZER_NONNULL = YES;
				CLANG_ANALYZER_NUMBER_OBJECT_CONVERSION = YES_AGGRESSIVE;
				CLANG_CXX_LANGUAGE_STANDARD = "gnu++17";
				CLANG_ENABLE_MODULES = YES;
				CLANG_ENABLE_OBJC_ARC = YES;
				CLANG_ENABLE_OBJC_WEAK = YES;
				CLANG_WARN_BLOCK_CAPTURE_AUTORELEASING = YES;
				CLANG_WARN_BOOL_CONVERSION = YES;
				CLANG_WARN_COMMA = YES;
				CLANG_WARN_CONSTANT_CONVERSION = YES;
				CLANG_WARN_DEPRECATED_OBJC_IMPLEMENTATIONS = YES;
				CLANG_WARN_DIRECT_OBJC_ISA_USAGE = YES_ERROR;
				CLANG_WARN_DOCUMENTATION_COMMENTS = YES;
				CLANG_WARN_EMPTY_BODY = YES;
				CLANG_WARN_ENUM_CONVERSION = YES;
				CLANG_WARN_INFINITE_RECURSION = YES;
				CLANG_WARN_INT_CONVERSION = YES;
				CLANG_WARN_NON_LITERAL_NULL_CONVERSION = YES;
				CLANG_WARN_OBJC_IMPLICIT_RETAIN_SELF = YES;
				CLANG_WARN_OBJC_LITERAL_CONVERSION = YES;
				CLANG_WARN_OBJC_ROOT_CLASS = YES_ERROR;
				CLANG_WARN_QUOTED_INCLUDE_IN_FRAMEWORK_HEADER = YES;
				CLANG_WARN_RANGE_LOOP_ANALYSIS = YES;
				CLANG_WARN_STRICT_PROTOTYPES = YES;
				CLANG_WARN_SUSPICIOUS_MOVE = YES;
				CLANG_WARN_UNGUARDED_AVAILABILITY = YES_AGGRESSIVE;
				CLANG_WARN_UNREACHABLE_CODE = YES;
				CLANG_WARN__DUPLICATE_METHOD_MATCH = YES;
				COPY_PHASE_STRIP = NO;
				DEBUG_INFORMATION_FORMAT = "dwarf-with-dsym";
				ENABLE_NS_ASSERTIONS = NO;
				ENABLE_STRICT_OBJC_MSGSEND = YES;
				GCC_C_LANGUAGE_STANDARD = gnu11;
				GCC_NO_COMMON_BLOCKS = YES;
				GCC_WARN_64_TO_32_BIT_CONVERSION = YES;
				GCC_WARN_ABOUT_RETURN_TYPE = YES_ERROR;
				GCC_WARN_UNDECLARED_SELECTOR = YES;
				GCC_WARN_UNINITIALIZED_AUTOS = YES_AGGRESSIVE;
				GCC_WARN_UNUSED_FUNCTION = YES;
				GCC_WARN_UNUSED_VARIABLE = YES;
				IPHONEOS_DEPLOYMENT_TARGET = 15.4;
				MTL_ENABLE_DEBUG_INFO = NO;
				MTL_FAST_MATH = YES;
				SDKROOT = iphoneos;
				SWIFT_COMPILATION_MODE = wholemodule;
				SWIFT_OPTIMIZATION_LEVEL = "-O";
				VALIDATE_PRODUCT = YES;
			};
			name = Release;
		};
		630CB58327E8B240007993AF /* Debug */ = {
			isa = XCBuildConfiguration;
			buildSettings = {
				ASSETCATALOG_COMPILER_APPICON_NAME = AppIcon;
				ASSETCATALOG_COMPILER_GLOBAL_ACCENT_COLOR_NAME = AccentColor;
				CODE_SIGN_STYLE = Automatic;
				CURRENT_PROJECT_VERSION = 1;
				GENERATE_INFOPLIST_FILE = YES;
				INFOPLIST_FILE = FinanceApp/Info.plist;
				INFOPLIST_KEY_UIApplicationSupportsIndirectInputEvents = YES;
				INFOPLIST_KEY_UILaunchStoryboardName = LaunchScreen;
				INFOPLIST_KEY_UIMainStoryboardFile = Main;
				INFOPLIST_KEY_UISupportedInterfaceOrientations = UIInterfaceOrientationPortrait;
				INFOPLIST_KEY_UISupportedInterfaceOrientations_iPad = "UIInterfaceOrientationPortrait UIInterfaceOrientationPortraitUpsideDown UIInterfaceOrientationLandscapeLeft UIInterfaceOrientationLandscapeRight";
				INFOPLIST_KEY_UISupportedInterfaceOrientations_iPhone = "UIInterfaceOrientationPortrait UIInterfaceOrientationLandscapeLeft UIInterfaceOrientationLandscapeRight";
				LD_RUNPATH_SEARCH_PATHS = (
					"$(inherited)",
					"@executable_path/Frameworks",
				);
				MARKETING_VERSION = 1.0;
				PRODUCT_BUNDLE_IDENTIFIER = com.shanukj.lk.FinanceApp;
				PRODUCT_NAME = "$(TARGET_NAME)";
				SWIFT_EMIT_LOC_STRINGS = YES;
				SWIFT_VERSION = 5.0;
				TARGETED_DEVICE_FAMILY = "1,2";
			};
			name = Debug;
		};
		630CB58427E8B240007993AF /* Release */ = {
			isa = XCBuildConfiguration;
			buildSettings = {
				ASSETCATALOG_COMPILER_APPICON_NAME = AppIcon;
				ASSETCATALOG_COMPILER_GLOBAL_ACCENT_COLOR_NAME = AccentColor;
				CODE_SIGN_STYLE = Automatic;
				CURRENT_PROJECT_VERSION = 1;
				GENERATE_INFOPLIST_FILE = YES;
				INFOPLIST_FILE = FinanceApp/Info.plist;
				INFOPLIST_KEY_UIApplicationSupportsIndirectInputEvents = YES;
				INFOPLIST_KEY_UILaunchStoryboardName = LaunchScreen;
				INFOPLIST_KEY_UIMainStoryboardFile = Main;
				INFOPLIST_KEY_UISupportedInterfaceOrientations = UIInterfaceOrientationPortrait;
				INFOPLIST_KEY_UISupportedInterfaceOrientations_iPad = "UIInterfaceOrientationPortrait UIInterfaceOrientationPortraitUpsideDown UIInterfaceOrientationLandscapeLeft UIInterfaceOrientationLandscapeRight";
				INFOPLIST_KEY_UISupportedInterfaceOrientations_iPhone = "UIInterfaceOrientationPortrait UIInterfaceOrientationLandscapeLeft UIInterfaceOrientationLandscapeRight";
				LD_RUNPATH_SEARCH_PATHS = (
					"$(inherited)",
					"@executable_path/Frameworks",
				);
				MARKETING_VERSION = 1.0;
				PRODUCT_BUNDLE_IDENTIFIER = com.shanukj.lk.FinanceApp;
				PRODUCT_NAME = "$(TARGET_NAME)";
				SWIFT_EMIT_LOC_STRINGS = YES;
				SWIFT_VERSION = 5.0;
				TARGETED_DEVICE_FAMILY = "1,2";
			};
			name = Release;
		};
/* End XCBuildConfiguration section */

/* Begin XCConfigurationList section */
		630CB56927E8B23F007993AF /* Build configuration list for PBXProject "FinanceApp" */ = {
			isa = XCConfigurationList;
			buildConfigurations = (
				630CB58027E8B240007993AF /* Debug */,
				630CB58127E8B240007993AF /* Release */,
			);
			defaultConfigurationIsVisible = 0;
			defaultConfigurationName = Release;
		};
		630CB58227E8B240007993AF /* Build configuration list for PBXNativeTarget "FinanceApp" */ = {
			isa = XCConfigurationList;
			buildConfigurations = (
				630CB58327E8B240007993AF /* Debug */,
				630CB58427E8B240007993AF /* Release */,
			);
			defaultConfigurationIsVisible = 0;
			defaultConfigurationName = Release;
		};
/* End XCConfigurationList section */
	};
	rootObject = 630CB56627E8B23F007993AF /* Project object */;
}
